version = 1
revision = 3
requires-python = ">=3.10"

[[package]]
name = "altgraph"
version = "0.17.5"
source = { registry = "https://pypi.org/simple" }
sdist = { url = "https://files.pythonhosted.org/packages/7e/f8/97fdf103f38fed6792a1601dbc16cc8aac56e7459a9fff08c812d8ae177a/altgraph-0.17.5.tar.gz", hash = "sha256:c87b395dd12fabde9c99573a9749d67da8d29ef9de0125c7f536699b4a9bc9e7", size = 48428, upload-time = "2025-11-21T20:35:50.583Z" }
wheels = [
    { url = "https://files.pythonhosted.org/packages/a9/ba/000a1996d4308bc65120167c21241a3b205464a2e0b58deda26ae8ac21d1/altgraph-0.17.5-py2.py3-none-any.whl", hash = "sha256:f3a22400bce1b0c701683820ac4f3b159cd301acab067c51c653e06961600597", size = 21228, upload-time = "2025-11-21T20:35:49.444Z" },
]

[[package]]
name = "macholib"
version = "1.16.4"
source = { registry = "https://pypi.org/simple" }
dependencies = [
    { name = "altgraph" },
]
sdist = { url = "https://files.pythonhosted.org/packages/10/2f/97589876ea967487978071c9042518d28b958d87b17dceb7cdc1d881f963/macholib-1.16.4.tar.gz", hash = "sha256:f408c93ab2e995cd2c46e34fe328b130404be143469e41bc366c807448979362", size = 59427, upload-time = "2025-11-22T08:28:38.373Z" }
wheels = [
    { url = "https://files.pythonhosted.org/packages/c7/d1/a9f36f8ecdf0fb7c9b1e78c8d7af12b8c8754e74851ac7b94a8305540fc7/macholib-1.16.4-py2.py3-none-any.whl", hash = "sha256:da1a3fa8266e30f0ce7e97c6a54eefaae8edd1e5f86f3eb8b95457cae90265ea", size = 38117, upload-time = "2025-11-22T08:28:36.939Z" },
]

[[package]]
name = "modulegraph"
version = "0.19.7"
source = { registry = "https://pypi.org/simple" }
dependencies = [
    { name = "altgraph" },
    { name = "setuptools" },
]
sdist = { url = "https://files.pythonhosted.org/packages/20/fa/c471f46fa1696309b806d6c663d599525925a5c13cf1371a02587a265109/modulegraph-0.19.7.tar.gz", hash = "sha256:9ad8a81148ba1d90ade66617a153786f7d7cf6a88de83ee28e251183122c2a57", size = 88618, upload-time = "2025-11-22T08:22:43.858Z" }
wheels = [
    { url = "https://files.pythonhosted.org/packages/f1/c1/3eff0be83439f0408866eaacd4106c9d19b762cba66bcf0d0a523a6f6620/modulegraph-0.19.7-py2.py3-none-any.whl", hash = "sha256:139f89042c9912777ba4bbf1d5496591c6ad780110ea3082c11e8737cf82cacc", size = 35151, upload-time = "2025-11-22T08:22:42.239Z" },
]

[[package]]
name = "packaging"
version = "25.0"
source = { registry = "https://pypi.org/simple" }
sdist = { url = "https://files.pythonhosted.org/packages/a1/d4/1fc4078c65507b51b96ca8f8c3ba19e6a61c8253c72794544580a7b6c24d/packaging-25.0.tar.gz", hash = "sha256:d443872c98d677bf60f6a1f2f8c1cb748e8fe762d2bf9d3148b5599295b0fc4f", size = 165727, upload-time = "2025-04-19T11:48:59.673Z" }
wheels = [
    { url = "https://files.pythonhosted.org/packages/20/12/38679034af332785aac8774540895e234f4d07f7545804097de4b666afd8/packaging-25.0-py3-none-any.whl", hash = "sha256:29572ef2b1f17581046b3a2227d5c611fb25ec70ca1ba8554b24b0e69331a484", size = 66469, upload-time = "2025-04-19T11:48:57.875Z" },
]

[[package]]
name = "pefile"
version = "2024.8.26"
source = { registry = "https://pypi.org/simple" }
sdist = { url = "https://files.pythonhosted.org/packages/03/4f/2750f7f6f025a1507cd3b7218691671eecfd0bbebebe8b39aa0fe1d360b8/pefile-2024.8.26.tar.gz", hash = "sha256:3ff6c5d8b43e8c37bb6e6dd5085658d658a7a0bdcd20b6a07b1fcfc1c4e9d632", size = 76008, upload-time = "2024-08-26T20:58:38.155Z" }
wheels = [
    { url = "https://files.pythonhosted.org/packages/54/16/12b82f791c7f50ddec566873d5bdd245baa1491bac11d15ffb98aecc8f8b/pefile-2024.8.26-py3-none-any.whl", hash = "sha256:76f8b485dcd3b1bb8166f1128d395fa3d87af26360c2358fb75b80019b957c6f", size = 74766, upload-time = "2024-08-26T21:01:02.632Z" },
]

[[package]]
name = "py2app"
version = "0.28.8"
source = { registry = "https://pypi.org/simple" }
dependencies = [
    { name = "altgraph" },
    { name = "macholib" },
    { name = "modulegraph" },
    { name = "packaging" },
]
sdist = { url = "https://files.pythonhosted.org/packages/d1/d8/a81d296560df958e496a03e4373615db5157dacb388945110404cbd0879b/py2app-0.28.8.tar.gz", hash = "sha256:cab7aec752a8b83e7c6cef7c15271dc720155275e44cbf610e3162e0807313ec", size = 1173004, upload-time = "2024-05-25T16:39:52.409Z" }
wheels = [
    { url = "https://files.pythonhosted.org/packages/83/12/a0932851fe222d9cf9193e192f01d7f62c89d9690b17d731ef5385df4360/py2app-0.28.8-py2.py3-none-any.whl", hash = "sha256:38b80f0c91f8d2dddb6396e6bbff8a84875f073c510f4f1a307e8ae44c7d73d8", size = 835661, upload-time = "2024-05-25T16:31:50.8Z" },
]

[[package]]
name = "pyinstaller"
version = "6.17.0"
source = { registry = "https://pypi.org/simple" }
dependencies = [
    { name = "altgraph" },
    { name = "macholib", marker = "sys_platform == 'darwin'" },
    { name = "packaging" },
    { name = "pefile", marker = "sys_platform == 'win32'" },
    { name = "pyinstaller-hooks-contrib" },
    { name = "pywin32-ctypes", marker = "sys_platform == 'win32'" },
    { name = "setuptools" },
]
sdist = { url = "https://files.pythonhosted.org/packages/01/80/9e0dad9c69a7cfd4b5aaede8c6225d762bab7247a2a6b7651e1995522001/pyinstaller-6.17.0.tar.gz", hash = "sha256:be372bd911392b88277e510940ac32a5c2a6ce4b8d00a311c78fa443f4f27313", size = 4014147, upload-time = "2025-11-24T19:43:32.109Z" }
wheels = [
    { url = "https://files.pythonhosted.org/packages/35/f5/37e419d84d5284ecab11ef8b61306a3b978fe6f0fd69a9541e16bfd72e65/pyinstaller-6.17.0-py3-none-macosx_10_13_universal2.whl", hash = "sha256:4e446b8030c6e5a2f712e3f82011ecf6c7ead86008357b0d23a0ec4bcde31dac", size = 1031880, upload-time = "2025-11-24T19:42:30.862Z" },
    { url = "https://files.pythonhosted.org/packages/9e/b6/2e184879ab9cf90a1d2867fdd34d507c4d246b3cc52ca05aad00bfc70ee7/pyinstaller-6.17.0-py3-none-manylinux2014_aarch64.whl", hash = "sha256:aa9fd87aaa28239c6f0d0210114029bd03f8cac316a90bab071a5092d7c85ad7", size = 731968, upload-time = "2025-11-24T19:42:35.421Z" },
    { url = "https://files.pythonhosted.org/packages/40/76/f529de98f7e5cce7904c19b224990003fc2267eda2ee5fdd8452acb420a9/pyinstaller-6.17.0-py3-none-manylinux2014_i686.whl", hash = "sha256:060b122e43e7c0b23e759a4153be34bd70914135ab955bb18a67181e0dca85a2", size = 743217, upload-time = "2025-11-24T19:42:39.286Z" },
    { url = "https://files.pythonhosted.org/packages/a3/10/c02bfbb050cafc4c353cf69baf95407e211e1372bd286ab5ce5cbc13a30a/pyinstaller-6.17.0-py3-none-manylinux2014_ppc64le.whl", hash = "sha256:cd213d1a545c97dfe4a3c40e8213ff7c5127fc115c49229f27a3fa541503444b", size = 741119, upload-time = "2025-11-24T19:42:43.12Z" },
    { url = "https://files.pythonhosted.org/packages/11/9d/69fdacfd9335695f5900a376cfe3e4aed28f0720ffc15fee81fdb9d920bc/pyinstaller-6.17.0-py3-none-manylinux2014_s390x.whl", hash = "sha256:89c0d18ba8b62c6607abd8cf2299ae5ffa5c36d8c47f39608ce8c3f357f6099f", size = 738111, upload-time = "2025-11-24T19:42:46.97Z" },
    { url = "https://files.pythonhosted.org/packages/5e/1e/e8e36e1568f6865ac706c6e1f875c1a346ddaa9f9a8f923d66545d2240ed/pyinstaller-6.17.0-py3-none-manylinux2014_x86_64.whl", hash = "sha256:2a147b83cdebb07855bd5a663600891550062373a2ca375c58eacead33741a27", size = 737795, upload-time = "2025-11-24T19:42:50.675Z" },
    { url = "https://files.pythonhosted.org/packages/8d/15/9dc0f81ccb746c27bfa6ee53164422fe47ee079c7a717d9c4791aba78797/pyinstaller-6.17.0-py3-none-musllinux_1_1_aarch64.whl", hash = "sha256:f8cfbbfa6708e54fb936df6dd6eafaf133e84efb0d2fe25b91cfeefa793c4ca4", size = 736891, upload-time = "2025-11-24T19:42:54.458Z" },
    { url = "https://files.pythonhosted.org/packages/97/e6/bed54821c1ebe1275c559661d3e7bfa23c406673b515252dfbf89db56c65/pyinstaller-6.17.0-py3-none-musllinux_1_1_x86_64.whl", hash = "sha256:97f4c1942f7b4cd73f9e38b49cc8f5f8a6fbb44922cb60dd3073a189b77ee1ae", size = 736752, upload-time = "2025-11-24T19:42:58.144Z" },
    { url = "https://files.pythonhosted.org/packages/c7/84/897d759198676b910d69d42640b6d25d50b449f2209e18127a974cf59dbe/pyinstaller-6.17.0-py3-none-win32.whl", hash = "sha256:ce0be227a037fd4be672226db709088565484f597d6b230bceec19850fdd4c85", size = 1317851, upload-time = "2025-11-24T19:43:04.361Z" },
    { url = "https://files.pythonhosted.org/packages/2d/f5/6a122efe024433ecc34aab6f499e0bd2bbe059c639b77b0045aa2421b0bf/pyinstaller-6.17.0-py3-none-win_amd64.whl", hash = "sha256:b019940dbf7a01489d6b26f9fb97db74b504e0a757010f7ad078675befc85a82", size = 1378685, upload-time = "2025-11-24T19:43:10.395Z" },
    { url = "https://files.pythonhosted.org/packages/c4/96/14991773c9e599707a53594429ccf372f9ee638df3b7d26b65fd1a7433f0/pyinstaller-6.17.0-py3-none-win_arm64.whl", hash = "sha256:3c92a335e338170df7e615f75279cfeea97ade89e6dd7694943c8c185460f7b7", size = 1320032, upload-time = "2025-11-24T19:43:16.388Z" },
]

[[package]]
name = "pyinstaller-hooks-contrib"
version = "2025.10"
source = { registry = "https://pypi.org/simple" }
dependencies = [
    { name = "packaging" },
    { name = "setuptools" },
]
sdist = { url = "https://files.pythonhosted.org/packages/26/4f/e33132acdb8f732978e577b8a0130a412cbfe7a3414605e3fd380a975522/pyinstaller_hooks_contrib-2025.10.tar.gz", hash = "sha256:a1a737e5c0dccf1cf6f19a25e2efd109b9fec9ddd625f97f553dac16ee884881", size = 168155, upload-time = "2025-11-22T09:34:36.138Z" }
wheels = [
    { url = "https://files.pythonhosted.org/packages/86/de/a7688eed49a1d3df337cdaa4c0d64e231309a52f269850a72051975e3c4a/pyinstaller_hooks_contrib-2025.10-py3-none-any.whl", hash = "sha256:aa7a378518772846221f63a84d6306d9827299323243db890851474dfd1231a9", size = 447760, upload-time = "2025-11-22T09:34:34.753Z" },
]

[[package]]
name = "pyobjc-core"
version = "12.1"
source = { registry = "https://pypi.org/simple" }
sdist = { url = "https://files.pythonhosted.org/packages/b8/b6/d5612eb40be4fd5ef88c259339e6313f46ba67577a95d86c3470b951fce0/pyobjc_core-12.1.tar.gz", hash = "sha256:2bb3903f5387f72422145e1466b3ac3f7f0ef2e9960afa9bcd8961c5cbf8bd21", size = 1000532, upload-time = "2025-11-14T10:08:28.292Z" }
wheels = [
    { url = "https://files.pythonhosted.org/packages/63/bf/3dbb1783388da54e650f8a6b88bde03c101d9ba93dfe8ab1b1873f1cd999/pyobjc_core-12.1-cp310-cp310-macosx_10_9_universal2.whl", hash = "sha256:93418e79c1655f66b4352168f8c85c942707cb1d3ea13a1da3e6f6a143bacda7", size = 676748, upload-time = "2025-11-14T09:30:50.023Z" },
    { url = "https://files.pythonhosted.org/packages/95/df/d2b290708e9da86d6e7a9a2a2022b91915cf2e712a5a82e306cb6ee99792/pyobjc_core-12.1-cp311-cp311-macosx_10_9_universal2.whl", hash = "sha256:c918ebca280925e7fcb14c5c43ce12dcb9574a33cccb889be7c8c17f3bcce8b6", size = 671263, upload-time = "2025-11-14T09:31:35.231Z" },
    { url = "https://files.pythonhosted.org/packages/64/5a/6b15e499de73050f4a2c88fff664ae154307d25dc04da8fb38998a428358/pyobjc_core-12.1-cp312-cp312-macosx_10_13_universal2.whl", hash = "sha256:818bcc6723561f207e5b5453efe9703f34bc8781d11ce9b8be286bb415eb4962", size = 678335, upload-time = "2025-11-14T09:32:20.107Z" },
    { url = "https://files.pythonhosted.org/packages/f4/d2/29e5e536adc07bc3d33dd09f3f7cf844bf7b4981820dc2a91dd810f3c782/pyobjc_core-12.1-cp313-cp313-macosx_10_13_universal2.whl", hash = "sha256:01c0cf500596f03e21c23aef9b5f326b9fb1f8f118cf0d8b66749b6cf4cbb37a", size = 677370, upload-time = "2025-11-14T09:33:05.273Z" },
    { url = "https://files.pythonhosted.org/packages/1b/f0/4b4ed8924cd04e425f2a07269943018d43949afad1c348c3ed4d9d032787/pyobjc_core-12.1-cp313-cp313t-macosx_10_13_universal2.whl", hash = "sha256:177aaca84bb369a483e4961186704f64b2697708046745f8167e818d968c88fc", size = 719586, upload-time = "2025-11-14T09:33:53.302Z" },
    { url = "https://files.pythonhosted.org/packages/25/98/9f4ed07162de69603144ff480be35cd021808faa7f730d082b92f7ebf2b5/pyobjc_core-12.1-cp314-cp314-macosx_10_15_universal2.whl", hash = "sha256:844515f5d86395b979d02152576e7dee9cc679acc0b32dc626ef5bda315eaa43", size = 670164, upload-time = "2025-11-14T09:34:37.458Z" },
    { url = "https://files.pythonhosted.org/packages/62/50/dc076965c96c7f0de25c0a32b7f8aa98133ed244deaeeacfc758783f1f30/pyobjc_core-12.1-cp314-cp314t-macosx_10_15_universal2.whl", hash = "sha256:453b191df1a4b80e756445b935491b974714456ae2cbae816840bd96f86db882", size = 712204, upload-time = "2025-11-14T09:35:24.148Z" },
]

[[package]]
name = "pyobjc-framework-cocoa"
version = "12.1"
source = { registry = "https://pypi.org/simple" }
dependencies = [
    { name = "pyobjc-core" },
]
sdist = { url = "https://files.pythonhosted.org/packages/02/a3/16ca9a15e77c061a9250afbae2eae26f2e1579eb8ca9462ae2d2c71e1169/pyobjc_framework_cocoa-12.1.tar.gz", hash = "sha256:5556c87db95711b985d5efdaaf01c917ddd41d148b1e52a0c66b1a2e2c5c1640", size = 2772191, upload-time = "2025-11-14T10:13:02.069Z" }
wheels = [
    { url = "https://files.pythonhosted.org/packages/b2/aa/2b2d7ec3ac4b112a605e9bd5c5e5e4fd31d60a8a4b610ab19cc4838aa92a/pyobjc_framework_cocoa-12.1-cp310-cp310-macosx_10_9_universal2.whl", hash = "sha256:9b880d3bdcd102809d704b6d8e14e31611443aa892d9f60e8491e457182fdd48", size = 383825, upload-time = "2025-11-14T09:40:28.354Z" },
    { url = "https://files.pythonhosted.org/packages/3f/07/5760735c0fffc65107e648eaf7e0991f46da442ac4493501be5380e6d9d4/pyobjc_framework_cocoa-12.1-cp311-cp311-macosx_10_9_universal2.whl", hash = "sha256:f52228bcf38da64b77328787967d464e28b981492b33a7675585141e1b0a01e6", size = 383812, upload-time = "2025-11-14T09:40:53.169Z" },
    { url = "https://files.pythonhosted.org/packages/95/bf/ee4f27ec3920d5c6fc63c63e797c5b2cc4e20fe439217085d01ea5b63856/pyobjc_framework_cocoa-12.1-cp312-cp312-macosx_10_13_universal2.whl", hash = "sha256:547c182837214b7ec4796dac5aee3aa25abc665757b75d7f44f83c994bcb0858", size = 384590, upload-time = "2025-11-14T09:41:17.336Z" },
    { url = "https://files.pythonhosted.org/packages/ad/31/0c2e734165abb46215797bd830c4bdcb780b699854b15f2b6240515edcc6/pyobjc_framework_cocoa-12.1-cp313-cp313-macosx_10_13_universal2.whl", hash = "sha256:5a3dcd491cacc2f5a197142b3c556d8aafa3963011110102a093349017705118", size = 384689, upload-time = "2025-11-14T09:41:41.478Z" },
    { url = "https://files.pythonhosted.org/packages/23/3b/b9f61be7b9f9b4e0a6db18b3c35c4c4d589f2d04e963e2174d38c6555a92/pyobjc_framework_cocoa-12.1-cp313-cp313t-macosx_10_13_universal2.whl", hash = "sha256:914b74328c22d8ca261d78c23ef2befc29776e0b85555973927b338c5734ca44", size = 388843, upload-time = "2025-11-14T09:42:05.719Z" },
    { url = "https://files.pythonhosted.org/packages/59/bb/f777cc9e775fc7dae77b569254570fe46eb842516b3e4fe383ab49eab598/pyobjc_framework_cocoa-12.1-cp314-cp314-macosx_10_15_universal2.whl", hash = "sha256:03342a60fc0015bcdf9b93ac0b4f457d3938e9ef761b28df9564c91a14f0129a", size = 384932, upload-time = "2025-11-14T09:42:29.771Z" },
    { url = "https://files.pythonhosted.org/packages/58/27/b457b7b37089cad692c8aada90119162dfb4c4a16f513b79a8b2b022b33b/pyobjc_framework_cocoa-12.1-cp314-cp314t-macosx_10_15_universal2.whl", hash = "sha256:6ba1dc1bfa4da42d04e93d2363491275fb2e2be5c20790e561c8a9e09b8cf2cc", size = 388970, upload-time = "2025-11-14T09:42:53.964Z" },
]

[[package]]
name = "pyobjc-framework-quartz"
version = "12.1"
source = { registry = "https://pypi.org/simple" }
dependencies = [
    { name = "pyobjc-core" },
    { name = "pyobjc-framework-cocoa" },
]
sdist = { url = "https://files.pythonhosted.org/packages/94/18/cc59f3d4355c9456fc945eae7fe8797003c4da99212dd531ad1b0de8a0c6/pyobjc_framework_quartz-12.1.tar.gz", hash = "sha256:27f782f3513ac88ec9b6c82d9767eef95a5cf4175ce88a1e5a65875fee799608", size = 3159099, upload-time = "2025-11-14T10:21:24.31Z" }
wheels = [
    { url = "https://files.pythonhosted.org/packages/17/f4/50c42c84796886e4d360407fb629000bb68d843b2502c88318375441676f/pyobjc_framework_quartz-12.1-cp310-cp310-macosx_10_9_universal2.whl", hash = "sha256:c6f312ae79ef8b3019dcf4b3374c52035c7c7bc4a09a1748b61b041bb685a0ed", size = 217799, upload-time = "2025-11-14T09:59:32.62Z" },
    { url = "https://files.pythonhosted.org/packages/b7/ef/dcd22b743e38b3c430fce4788176c2c5afa8bfb01085b8143b02d1e75201/pyobjc_framework_quartz-12.1-cp311-cp311-macosx_10_9_universal2.whl", hash = "sha256:19f99ac49a0b15dd892e155644fe80242d741411a9ed9c119b18b7466048625a", size = 217795, upload-time = "2025-11-14T09:59:46.922Z" },
    { url = "https://files.pythonhosted.org/packages/e9/9b/780f057e5962f690f23fdff1083a4cfda5a96d5b4d3bb49505cac4f624f2/pyobjc_framework_quartz-12.1-cp312-cp312-macosx_10_13_universal2.whl", hash = "sha256:7730cdce46c7e985535b5a42c31381af4aa6556e5642dc55b5e6597595e57a16", size = 218798, upload-time = "2025-11-14T10:00:01.236Z" },
    { url = "https://files.pythonhosted.org/packages/ba/2d/e8f495328101898c16c32ac10e7b14b08ff2c443a756a76fd1271915f097/pyobjc_framework_quartz-12.1-cp313-cp313-macosx_10_13_universal2.whl", hash = "sha256:629b7971b1b43a11617f1460cd218bd308dfea247cd4ee3842eb40ca6f588860", size = 219206, upload-time = "2025-11-14T10:00:15.623Z" },
    { url = "https://files.pythonhosted.org/packages/67/43/b1f0ad3b842ab150a7e6b7d97f6257eab6af241b4c7d14cb8e7fde9214b8/pyobjc_framework_quartz-12.1-cp313-cp313t-macosx_10_13_universal2.whl", hash = "sha256:53b84e880c358ba1ddcd7e8d5ea0407d760eca58b96f0d344829162cda5f37b3", size = 224317, upload-time = "2025-11-14T10:00:30.703Z" },
    { url = "https://files.pythonhosted.org/packages/4a/00/96249c5c7e5aaca5f688ca18b8d8ad05cd7886ebd639b3c71a6a4cadbe75/pyobjc_framework_quartz-12.1-cp314-cp314-macosx_10_15_universal2.whl", hash = "sha256:42d306b07f05ae7d155984503e0fb1b701fecd31dcc5c79fe8ab9790ff7e0de0", size = 219558, upload-time = "2025-11-14T10:00:45.476Z" },
    { url = "https://files.pythonhosted.org/packages/4d/a6/708a55f3ff7a18c403b30a29a11dccfed0410485a7548c60a4b6d4cc0676/pyobjc_framework_quartz-12.1-cp314-cp314t-macosx_10_15_universal2.whl", hash = "sha256:0cc08fddb339b2760df60dea1057453557588908e42bdc62184b6396ce2d6e9a", size = 224580, upload-time = "2025-11-14T10:01:00.091Z" },
]

[[package]]
name = "pyobjc-framework-scriptingbridge"
version = "12.1"
source = { registry = "https://pypi.org/simple" }
dependencies = [
    { name = "pyobjc-core" },
    { name = "pyobjc-framework-cocoa" },
]
sdist = { url = "https://files.pythonhosted.org/packages/0c/cb/adc0a09e8c4755c2281bd12803a87f36e0832a8fc853a2d663433dbb72ce/pyobjc_framework_scriptingbridge-12.1.tar.gz", hash = "sha256:0e90f866a7e6a8aeaf723d04c826657dd528c8c1b91e7a605f8bb947c74ad082", size = 20339, upload-time = "2025-11-14T10:21:51.769Z" }
wheels = [
    { url = "https://files.pythonhosted.org/packages/5c/df/18a894d0d720d370bf5351555ba18e48e1ab8153cb756a5d945c1c3d8637/pyobjc_framework_scriptingbridge-12.1-cp310-cp310-macosx_10_9_universal2.whl", hash = "sha256:97acd79168892ba457bc472214851f4e4a2d40a8aae106fb07cc94417e1fc681", size = 8334, upload-time = "2025-11-14T10:02:34.478Z" },
    { url = "https://files.pythonhosted.org/packages/42/de/0943ee8d7f1a7d8467df6e2ea017a6d5041caff2fb0283f37fea4c4ce370/pyobjc_framework_scriptingbridge-12.1-cp311-cp311-macosx_10_9_universal2.whl", hash = "sha256:e6e37e69760d6ac9d813decf135d107760d33e1cdf7335016522235607f6f31b", size = 8335, upload-time = "2025-11-14T10:02:36.654Z" },
    { url = "https://files.pythonhosted.org/packages/51/46/e0b07d2b3ff9effb8b1179a6cc681a953d3dfbf0eb8b1d6a0e54cef2e922/pyobjc_framework_scriptingbridge-12.1-cp312-cp312-macosx_10_13_universal2.whl", hash = "sha256:8083cd68c559c55a3787b2e74fc983c8665e5078571475aaeabf4f34add36b62", size = 8356, upload-time = "2025-11-14T10:02:38.559Z" },
    { url = "https://files.pythonhosted.org/packages/1a/da/b11568f21924a994aa59272e2752e742f8380ab2cf88d111326ba7baede0/pyobjc_framework_scriptingbridge-12.1-cp313-cp313-macosx_10_13_universal2.whl", hash = "sha256:bddbd3a13bfaeaa38ab66e44f10446d5bc7d1110dbc02e59b80bcd9c3a60548a", size = 8371, upload-time = "2025-11-14T10:02:40.603Z" },
    { url = "https://files.pythonhosted.org/packages/77/eb/9bc3e6e9611d757fc80b4423cc28128750a72eae8241be8ae43e1d76c4cd/pyobjc_framework_scriptingbridge-12.1-cp313-cp313t-macosx_10_13_universal2.whl", hash = "sha256:148191010b4e10c3938cdb2dcecad43fa0884cefb5a78499a21bdaf5a78318b3", size = 8526, upload-time = "2025-11-14T10:02:42.298Z" },
    { url = "https://files.pythonhosted.org/packages/b1/bc/5f1d372bb1efa9cf1e3218e1831136f5548b9f5b12a4a6676bf8b37cca63/pyobjc_framework_scriptingbridge-12.1-cp314-cp314-macosx_10_15_universal2.whl", hash = "sha256:48f4bc33b2cab6634f58f37549096bda9ec7d3ec664b4b40e7d3248d9f481f69", size = 8406, upload-time = "2025-11-14T10:02:43.979Z" },
    { url = "https://files.pythonhosted.org/packages/42/c2/c223ac13c69e99787301ad8e4be32fc192e067e4e2798e0e5cceabf1abbe/pyobjc_framework_scriptingbridge-12.1-cp314-cp314t-macosx_10_15_universal2.whl", hash = "sha256:81bf8b19cd7fd1db055530007bc724901fd61160823324ec2df0daa8e25b94f7", size = 8564, upload-time = "2025-11-14T10:02:45.629Z" },
]

[[package]]
name = "pywin32-ctypes"
version = "0.2.3"
source = { registry = "https://pypi.org/simple" }
sdist = { url = "https://files.pythonhosted.org/packages/85/9f/01a1a99704853cb63f253eea009390c88e7131c67e66a0a02099a8c917cb/pywin32-ctypes-0.2.3.tar.gz", hash = "sha256:d162dc04946d704503b2edc4d55f3dba5c1d539ead017afa00142c38b9885755", size = 29471, upload-time = "2024-08-14T10:15:34.626Z" }
wheels = [
    { url = "https://files.pythonhosted.org/packages/de/3d/8161f7711c017e01ac9f008dfddd9410dff3674334c233bde66e7ba65bbf/pywin32_ctypes-0.2.3-py3-none-any.whl", hash = "sha256:8a1513379d709975552d202d942d9837758905c8d01eb82b8bcc30918929e7b8", size = 30756, upload-time = "2024-08-14T10:15:33.187Z" },
]

[[package]]
name = "setuptools"
version = "80.9.0"
source = { registry = "https://pypi.org/simple" }
sdist = { url = "https://files.pythonhosted.org/packages/18/5d/3bf57dcd21979b887f014ea83c24ae194cfcd12b9e0fda66b957c69d1fca/setuptools-80.9.0.tar.gz", hash = "sha256:f36b47402ecde768dbfafc46e8e4207b4360c654f1f3bb84475f0a28628fb19c", size = 1319958, upload-time = "2025-05-27T00:56:51.443Z" }
wheels = [
    { url = "https://files.pythonhosted.org/packages/a3/dc/17031897dae0efacfea57dfd3a82fdd2a2aeb58e0ff71b77b87e44edc772/setuptools-80.9.0-py3-none-any.whl", hash = "sha256:062d34222ad13e0cc312a4c02d73f059e86a4acbfbdea8f8f76b28c99f306922", size = 1201486, upload-time = "2025-05-27T00:56:49.664Z" },
]

[[package]]
name = "spacepp"
version = "2.0.0"
source = { virtual = "." }
dependencies = [
    { name = "py2app" },
    { name = "pyinstaller" },
    { name = "pyobjc-core" },
    { name = "pyobjc-framework-cocoa" },
    { name = "pyobjc-framework-quartz" },
    { name = "pyobjc-framework-scriptingbridge" },
]

[package.metadata]
requires-dist = [
    { name = "py2app" },
    { name = "pyinstaller" },
    { name = "pyobjc-core", specifier = ">=8.0.0" },
    { name = "pyobjc-framework-cocoa", specifier = ">=8.0.0" },
    { name = "pyobjc-framework-quartz", specifier = ">=8.0.0" },
    { name = "pyobjc-framework-scriptingbridge", specifier = ">=8.0.0" },
]
